
Microsoft Visual Studio Solution File, Format Version 12.00
# Visual Studio Version 16
VisualStudioVersion = 16.0.29403.142
MinimumVisualStudioVersion = 10.0.40219.1
Project("{FAE04EC0-301F-11D3-BF4B-00C04F79EFBC}") = "Lesson_1", "Lesson_1\Lesson_1.csproj", "{1DF91E32-3690-4631-A5A1-312E89C52936}"
EndProject
Project("{FAE04EC0-301F-11D3-BF4B-00C04F79EFBC}") = "PayDay", "PayDay\PayDay.csproj", "{AAD0F058-024A-4B12-83CF-6911AF5C099A}"
EndProject
Global
	GlobalSection(SolutionConfigurationPlatforms) = preSolution
		Debug|Any CPU = Debug|Any CPU
		Release|Any CPU = Release|Any CPU
	EndGlobalSection
	GlobalSection(ProjectConfigurationPlatforms) = postSolution
		{1DF91E32-3690-4631-A5A1-312E89C52936}.Debug|Any CPU.ActiveCfg = Debug|Any CPU
		{1DF91E32-3690-4631-A5A1-312E89C52936}.Debug|Any CPU.Build.0 = Debug|Any CPU
		{1DF91E32-3690-4631-A5A1-312E89C52936}.Release|Any CPU.ActiveCfg = Release|Any CPU
		{1DF91E32-3690-4631-A5A1-312E89C52936}.Release|Any CPU.Build.0 = Release|Any CPU
		{AAD0F058-024A-4B12-83CF-6911AF5C099A}.Debug|Any CPU.ActiveCfg = Debug|Any CPU
		{AAD0F058-024A-4B12-83CF-6911AF5C099A}.Debug|Any CPU.Build.0 = Debug|Any CPU
		{AAD0F058-024A-4B12-83CF-6911AF5C099A}.Release|Any CPU.ActiveCfg = Release|Any CPU
		{AAD0F058-024A-4B12-83CF-6911AF5C099A}.Release|Any CPU.Build.0 = Release|Any CPU
	EndGlobalSection
	GlobalSection(SolutionProperties) = preSolution
		HideSolutionNode = FALSE
	EndGlobalSection
	GlobalSection(ExtensibilityGlobals) = postSolution
		SolutionGuid = {92C05C46-56DD-4E45-A208-9E9530E0ADAB}
	EndGlobalSection
EndGlobal
